
Microsoft Visual Studio Solution File, Format Version 12.00
# Visual Studio Version 17
VisualStudioVersion = 17.0.31903.59
MinimumVisualStudioVersion = 10.0.40219.1
Project("{2150E333-8FDC-42A3-9474-1A3956D46DE8}") = "src", "src", "{8E390D37-16AF-4F57-B783-BD3375B17523}"
EndProject
Project("{FAE04EC0-301F-11D3-BF4B-00C04F79EFBC}") = "ArqMediatr.Application", "src\ArqMediatr.Application\ArqMediatr.Application.csproj", "{583DB8B5-1BB1-4784-A6F0-5790C8971A84}"
EndProject
Project("{FAE04EC0-301F-11D3-BF4B-00C04F79EFBC}") = "ArqMediatr.Core", "src\ArqMediatr.Core\ArqMediatr.Core.csproj", "{4762C434-3FD4-4E36-8C6F-65FF080DDD6D}"
EndProject
Global
	GlobalSection(SolutionConfigurationPlatforms) = preSolution
		Debug|Any CPU = Debug|Any CPU
		Release|Any CPU = Release|Any CPU
	EndGlobalSection
	GlobalSection(SolutionProperties) = preSolution
		HideSolutionNode = FALSE
	EndGlobalSection
	GlobalSection(ProjectConfigurationPlatforms) = postSolution
		{583DB8B5-1BB1-4784-A6F0-5790C8971A84}.Debug|Any CPU.ActiveCfg = Debug|Any CPU
		{583DB8B5-1BB1-4784-A6F0-5790C8971A84}.Debug|Any CPU.Build.0 = Debug|Any CPU
		{583DB8B5-1BB1-4784-A6F0-5790C8971A84}.Release|Any CPU.ActiveCfg = Release|Any CPU
		{583DB8B5-1BB1-4784-A6F0-5790C8971A84}.Release|Any CPU.Build.0 = Release|Any CPU
		{4762C434-3FD4-4E36-8C6F-65FF080DDD6D}.Debug|Any CPU.ActiveCfg = Debug|Any CPU
		{4762C434-3FD4-4E36-8C6F-65FF080DDD6D}.Debug|Any CPU.Build.0 = Debug|Any CPU
		{4762C434-3FD4-4E36-8C6F-65FF080DDD6D}.Release|Any CPU.ActiveCfg = Release|Any CPU
		{4762C434-3FD4-4E36-8C6F-65FF080DDD6D}.Release|Any CPU.Build.0 = Release|Any CPU
	EndGlobalSection
	GlobalSection(NestedProjects) = preSolution
		{583DB8B5-1BB1-4784-A6F0-5790C8971A84} = {8E390D37-16AF-4F57-B783-BD3375B17523}
		{4762C434-3FD4-4E36-8C6F-65FF080DDD6D} = {8E390D37-16AF-4F57-B783-BD3375B17523}
	EndGlobalSection
EndGlobal
